// !$*UTF8*$!
{
	archiveVersion = 1;
	classes = {
	};
	objectVersion = 56;
	objects = {

/* Begin PBXBuildFile section */
		AB5725942AF7A1440014BF05 /* SwiftUI_EjerciciosApp.swift in Sources */ = {isa = PBXBuildFile; fileRef = AB5725932AF7A1440014BF05 /* SwiftUI_EjerciciosApp.swift */; };
		AB5725962AF7A1440014BF05 /* ContentView.swift in Sources */ = {isa = PBXBuildFile; fileRef = AB5725952AF7A1440014BF05 /* ContentView.swift */; };
		AB57259B2AF7A1460014BF05 /* Preview Assets.xcassets in Resources */ = {isa = PBXBuildFile; fileRef = AB57259A2AF7A1460014BF05 /* Preview Assets.xcassets */; };
		AB5725A52AF7A1460014BF05 /* SwiftUI_EjerciciosTests.swift in Sources */ = {isa = PBXBuildFile; fileRef = AB5725A42AF7A1460014BF05 /* SwiftUI_EjerciciosTests.swift */; };
		AB5725AF2AF7A1460014BF05 /* SwiftUI_EjerciciosUITests.swift in Sources */ = {isa = PBXBuildFile; fileRef = AB5725AE2AF7A1460014BF05 /* SwiftUI_EjerciciosUITests.swift */; };
		AB5725B12AF7A1460014BF05 /* SwiftUI_EjerciciosUITestsLaunchTests.swift in Sources */ = {isa = PBXBuildFile; fileRef = AB5725B02AF7A1460014BF05 /* SwiftUI_EjerciciosUITestsLaunchTests.swift */; };
		AB5725C02AF7A3F70014BF05 /* Ejercicio1.swift in Sources */ = {isa = PBXBuildFile; fileRef = AB5725BF2AF7A3F70014BF05 /* Ejercicio1.swift */; };
		AB5725C32AF8FFFC0014BF05 /* Extensions.swift in Sources */ = {isa = PBXBuildFile; fileRef = AB5725C22AF8FFFC0014BF05 /* Extensions.swift */; };
		AB5725C52AF900580014BF05 /* Styles.swift in Sources */ = {isa = PBXBuildFile; fileRef = AB5725C42AF900580014BF05 /* Styles.swift */; };
		AB5725C72AF93A600014BF05 /* Ejercicio2.swift in Sources */ = {isa = PBXBuildFile; fileRef = AB5725C62AF93A600014BF05 /* Ejercicio2.swift */; };
		AB57AD742B18CA0A00C45A81 /* Ejercicio4.swift in Sources */ = {isa = PBXBuildFile; fileRef = AB57AD732B18CA0A00C45A81 /* Ejercicio4.swift */; };
		AB57AD762B18CF1D00C45A81 /* DiseñoButtonStyle.swift in Sources */ = {isa = PBXBuildFile; fileRef = AB57AD752B18CF1D00C45A81 /* DiseñoButtonStyle.swift */; };
		ABF77B1D2B0CCF6600566A89 /* Cover.swift in Sources */ = {isa = PBXBuildFile; fileRef = ABF77B1C2B0CCF6600566A89 /* Cover.swift */; };
		ABF77B1F2B0CD0B400566A89 /* SoundBar.swift in Sources */ = {isa = PBXBuildFile; fileRef = ABF77B1E2B0CD0B400566A89 /* SoundBar.swift */; };
		ABF77B212B0CD0EA00566A89 /* PlayBar.swift in Sources */ = {isa = PBXBuildFile; fileRef = ABF77B202B0CD0EA00566A89 /* PlayBar.swift */; };
		ABF77B232B0CE05900566A89 /* wheaderDay.swift in Sources */ = {isa = PBXBuildFile; fileRef = ABF77B222B0CE05900566A89 /* wheaderDay.swift */; };
		ABF77B252B0CFDC600566A89 /* wheaderCountry.swift in Sources */ = {isa = PBXBuildFile; fileRef = ABF77B242B0CFDC600566A89 /* wheaderCountry.swift */; };
		ABF77B272B0D09C900566A89 /* Media.xcassets in Resources */ = {isa = PBXBuildFile; fileRef = ABF77B262B0D09C900566A89 /* Media.xcassets */; };
		ABF77B292B0D0C5200566A89 /* Ejercicio3.swift in Sources */ = {isa = PBXBuildFile; fileRef = ABF77B282B0D0C5200566A89 /* Ejercicio3.swift */; };
		ABF77B2B2B0E4E7200566A89 /* TaskCell.swift in Sources */ = {isa = PBXBuildFile; fileRef = ABF77B2A2B0E4E7200566A89 /* TaskCell.swift */; };
		ABF77B2D2B0E562400566A89 /* TaskTapBar.swift in Sources */ = {isa = PBXBuildFile; fileRef = ABF77B2C2B0E562400566A89 /* TaskTapBar.swift */; };
		ABF77B2F2B0E586100566A89 /* TaskButtonsBar.swift in Sources */ = {isa = PBXBuildFile; fileRef = ABF77B2E2B0E586100566A89 /* TaskButtonsBar.swift */; };
		ABF77B312B0E58C500566A89 /* TaskBigButtonsBar.swift in Sources */ = {isa = PBXBuildFile; fileRef = ABF77B302B0E58C500566A89 /* TaskBigButtonsBar.swift */; };
		ABF77B332B0E6B1F00566A89 /* ContentVM.swift in Sources */ = {isa = PBXBuildFile; fileRef = ABF77B322B0E6B1F00566A89 /* ContentVM.swift */; };
/* End PBXBuildFile section */

/* Begin PBXContainerItemProxy section */
		AB5725A12AF7A1460014BF05 /* PBXContainerItemProxy */ = {
			isa = PBXContainerItemProxy;
			containerPortal = AB5725882AF7A1440014BF05 /* Project object */;
			proxyType = 1;
			remoteGlobalIDString = AB57258F2AF7A1440014BF05;
			remoteInfo = "SwiftUI Ejercicios";
		};
		AB5725AB2AF7A1460014BF05 /* PBXContainerItemProxy */ = {
			isa = PBXContainerItemProxy;
			containerPortal = AB5725882AF7A1440014BF05 /* Project object */;
			proxyType = 1;
			remoteGlobalIDString = AB57258F2AF7A1440014BF05;
			remoteInfo = "SwiftUI Ejercicios";
		};
/* End PBXContainerItemProxy section */

/* Begin PBXFileReference section */
		AB5725902AF7A1440014BF05 /* SwiftUI Ejercicios.app */ = {isa = PBXFileReference; explicitFileType = wrapper.application; includeInIndex = 0; path = "SwiftUI Ejercicios.app"; sourceTree = BUILT_PRODUCTS_DIR; };
		AB5725932AF7A1440014BF05 /* SwiftUI_EjerciciosApp.swift */ = {isa = PBXFileReference; lastKnownFileType = sourcecode.swift; path = SwiftUI_EjerciciosApp.swift; sourceTree = "<group>"; };
		AB5725952AF7A1440014BF05 /* ContentView.swift */ = {isa = PBXFileReference; lastKnownFileType = sourcecode.swift; path = ContentView.swift; sourceTree = "<group>"; };
		AB57259A2AF7A1460014BF05 /* Preview Assets.xcassets */ = {isa = PBXFileReference; lastKnownFileType = folder.assetcatalog; path = "Preview Assets.xcassets"; sourceTree = "<group>"; };
		AB5725A02AF7A1460014BF05 /* SwiftUI EjerciciosTests.xctest */ = {isa = PBXFileReference; explicitFileType = wrapper.cfbundle; includeInIndex = 0; path = "SwiftUI EjerciciosTests.xctest"; sourceTree = BUILT_PRODUCTS_DIR; };
		AB5725A42AF7A1460014BF05 /* SwiftUI_EjerciciosTests.swift */ = {isa = PBXFileReference; lastKnownFileType = sourcecode.swift; path = SwiftUI_EjerciciosTests.swift; sourceTree = "<group>"; };
		AB5725AA2AF7A1460014BF05 /* SwiftUI EjerciciosUITests.xctest */ = {isa = PBXFileReference; explicitFileType = wrapper.cfbundle; includeInIndex = 0; path = "SwiftUI EjerciciosUITests.xctest"; sourceTree = BUILT_PRODUCTS_DIR; };
		AB5725AE2AF7A1460014BF05 /* SwiftUI_EjerciciosUITests.swift */ = {isa = PBXFileReference; lastKnownFileType = sourcecode.swift; path = SwiftUI_EjerciciosUITests.swift; sourceTree = "<group>"; };
		AB5725B02AF7A1460014BF05 /* SwiftUI_EjerciciosUITestsLaunchTests.swift */ = {isa = PBXFileReference; lastKnownFileType = sourcecode.swift; path = SwiftUI_EjerciciosUITestsLaunchTests.swift; sourceTree = "<group>"; };
		AB5725BF2AF7A3F70014BF05 /* Ejercicio1.swift */ = {isa = PBXFileReference; lastKnownFileType = sourcecode.swift; path = Ejercicio1.swift; sourceTree = "<group>"; };
		AB5725C22AF8FFFC0014BF05 /* Extensions.swift */ = {isa = PBXFileReference; lastKnownFileType = sourcecode.swift; path = Extensions.swift; sourceTree = "<group>"; };
		AB5725C42AF900580014BF05 /* Styles.swift */ = {isa = PBXFileReference; lastKnownFileType = sourcecode.swift; path = Styles.swift; sourceTree = "<group>"; };
		AB5725C62AF93A600014BF05 /* Ejercicio2.swift */ = {isa = PBXFileReference; lastKnownFileType = sourcecode.swift; path = Ejercicio2.swift; sourceTree = "<group>"; };
		AB57AD732B18CA0A00C45A81 /* Ejercicio4.swift */ = {isa = PBXFileReference; lastKnownFileType = sourcecode.swift; path = Ejercicio4.swift; sourceTree = "<group>"; };
		AB57AD752B18CF1D00C45A81 /* DiseñoButtonStyle.swift */ = {isa = PBXFileReference; lastKnownFileType = sourcecode.swift; path = "DiseñoButtonStyle.swift"; sourceTree = "<group>"; };
		ABF77B1C2B0CCF6600566A89 /* Cover.swift */ = {isa = PBXFileReference; lastKnownFileType = sourcecode.swift; path = Cover.swift; sourceTree = "<group>"; };
		ABF77B1E2B0CD0B400566A89 /* SoundBar.swift */ = {isa = PBXFileReference; lastKnownFileType = sourcecode.swift; path = SoundBar.swift; sourceTree = "<group>"; };
		ABF77B202B0CD0EA00566A89 /* PlayBar.swift */ = {isa = PBXFileReference; lastKnownFileType = sourcecode.swift; path = PlayBar.swift; sourceTree = "<group>"; };
		ABF77B222B0CE05900566A89 /* wheaderDay.swift */ = {isa = PBXFileReference; lastKnownFileType = sourcecode.swift; path = wheaderDay.swift; sourceTree = "<group>"; };
		ABF77B242B0CFDC600566A89 /* wheaderCountry.swift */ = {isa = PBXFileReference; lastKnownFileType = sourcecode.swift; path = wheaderCountry.swift; sourceTree = "<group>"; };
		ABF77B262B0D09C900566A89 /* Media.xcassets */ = {isa = PBXFileReference; lastKnownFileType = folder.assetcatalog; path = Media.xcassets; sourceTree = "<group>"; };
		ABF77B282B0D0C5200566A89 /* Ejercicio3.swift */ = {isa = PBXFileReference; lastKnownFileType = sourcecode.swift; path = Ejercicio3.swift; sourceTree = "<group>"; };
		ABF77B2A2B0E4E7200566A89 /* TaskCell.swift */ = {isa = PBXFileReference; lastKnownFileType = sourcecode.swift; path = TaskCell.swift; sourceTree = "<group>"; };
		ABF77B2C2B0E562400566A89 /* TaskTapBar.swift */ = {isa = PBXFileReference; lastKnownFileType = sourcecode.swift; path = TaskTapBar.swift; sourceTree = "<group>"; };
		ABF77B2E2B0E586100566A89 /* TaskButtonsBar.swift */ = {isa = PBXFileReference; lastKnownFileType = sourcecode.swift; path = TaskButtonsBar.swift; sourceTree = "<group>"; };
		ABF77B302B0E58C500566A89 /* TaskBigButtonsBar.swift */ = {isa = PBXFileReference; lastKnownFileType = sourcecode.swift; path = TaskBigButtonsBar.swift; sourceTree = "<group>"; };
		ABF77B322B0E6B1F00566A89 /* ContentVM.swift */ = {isa = PBXFileReference; lastKnownFileType = sourcecode.swift; path = ContentVM.swift; sourceTree = "<group>"; };
/* End PBXFileReference section */

/* Begin PBXFrameworksBuildPhase section */
		AB57258D2AF7A1440014BF05 /* Frameworks */ = {
			isa = PBXFrameworksBuildPhase;
			buildActionMask = 2147483647;
			files = (
			);
			runOnlyForDeploymentPostprocessing = 0;
		};
		AB57259D2AF7A1460014BF05 /* Frameworks */ = {
			isa = PBXFrameworksBuildPhase;
			buildActionMask = 2147483647;
			files = (
			);
			runOnlyForDeploymentPostprocessing = 0;
		};
		AB5725A72AF7A1460014BF05 /* Frameworks */ = {
			isa = PBXFrameworksBuildPhase;
			buildActionMask = 2147483647;
			files = (
			);
			runOnlyForDeploymentPostprocessing = 0;
		};
/* End PBXFrameworksBuildPhase section */

/* Begin PBXGroup section */
		AB5725872AF7A1440014BF05 = {
			isa = PBXGroup;
			children = (
				AB5725922AF7A1440014BF05 /* SwiftUI Ejercicios */,
				AB5725A32AF7A1460014BF05 /* SwiftUI EjerciciosTests */,
				AB5725AD2AF7A1460014BF05 /* SwiftUI EjerciciosUITests */,
				AB5725912AF7A1440014BF05 /* Products */,
			);
			sourceTree = "<group>";
		};
		AB5725912AF7A1440014BF05 /* Products */ = {
			isa = PBXGroup;
			children = (
				AB5725902AF7A1440014BF05 /* SwiftUI Ejercicios.app */,
				AB5725A02AF7A1460014BF05 /* SwiftUI EjerciciosTests.xctest */,
				AB5725AA2AF7A1460014BF05 /* SwiftUI EjerciciosUITests.xctest */,
			);
			name = Products;
			sourceTree = "<group>";
		};
		AB5725922AF7A1440014BF05 /* SwiftUI Ejercicios */ = {
			isa = PBXGroup;
			children = (
				AB5725932AF7A1440014BF05 /* SwiftUI_EjerciciosApp.swift */,
				AB5725BF2AF7A3F70014BF05 /* Ejercicio1.swift */,
				AB5725C62AF93A600014BF05 /* Ejercicio2.swift */,
				ABF77B282B0D0C5200566A89 /* Ejercicio3.swift */,
				AB57AD732B18CA0A00C45A81 /* Ejercicio4.swift */,
				AB5725952AF7A1440014BF05 /* ContentView.swift */,
				AB5725C12AF8FFC90014BF05 /* Helpers */,
				ABF77B262B0D09C900566A89 /* Media.xcassets */,
				AB5725992AF7A1460014BF05 /* Preview Content */,
			);
			path = "SwiftUI Ejercicios";
			sourceTree = "<group>";
		};
		AB5725992AF7A1460014BF05 /* Preview Content */ = {
			isa = PBXGroup;
			children = (
				AB57259A2AF7A1460014BF05 /* Preview Assets.xcassets */,
			);
			path = "Preview Content";
			sourceTree = "<group>";
		};
		AB5725A32AF7A1460014BF05 /* SwiftUI EjerciciosTests */ = {
			isa = PBXGroup;
			children = (
				AB5725A42AF7A1460014BF05 /* SwiftUI_EjerciciosTests.swift */,
			);
			path = "SwiftUI EjerciciosTests";
			sourceTree = "<group>";
		};
		AB5725AD2AF7A1460014BF05 /* SwiftUI EjerciciosUITests */ = {
			isa = PBXGroup;
			children = (
				AB5725AE2AF7A1460014BF05 /* SwiftUI_EjerciciosUITests.swift */,
				AB5725B02AF7A1460014BF05 /* SwiftUI_EjerciciosUITestsLaunchTests.swift */,
			);
			path = "SwiftUI EjerciciosUITests";
			sourceTree = "<group>";
		};
		AB5725C12AF8FFC90014BF05 /* Helpers */ = {
			isa = PBXGroup;
			children = (
				AB5725C22AF8FFFC0014BF05 /* Extensions.swift */,
				AB57AD752B18CF1D00C45A81 /* DiseñoButtonStyle.swift */,
				AB5725C42AF900580014BF05 /* Styles.swift */,
				ABF77B1C2B0CCF6600566A89 /* Cover.swift */,
				ABF77B1E2B0CD0B400566A89 /* SoundBar.swift */,
				ABF77B202B0CD0EA00566A89 /* PlayBar.swift */,
				ABF77B222B0CE05900566A89 /* wheaderDay.swift */,
				ABF77B242B0CFDC600566A89 /* wheaderCountry.swift */,
				ABF77B2A2B0E4E7200566A89 /* TaskCell.swift */,
				ABF77B2C2B0E562400566A89 /* TaskTapBar.swift */,
				ABF77B2E2B0E586100566A89 /* TaskButtonsBar.swift */,
				ABF77B302B0E58C500566A89 /* TaskBigButtonsBar.swift */,
				ABF77B322B0E6B1F00566A89 /* ContentVM.swift */,
			);
			name = Helpers;
			sourceTree = "<group>";
		};
/* End PBXGroup section */

/* Begin PBXNativeTarget section */
		AB57258F2AF7A1440014BF05 /* SwiftUI Ejercicios */ = {
			isa = PBXNativeTarget;
			buildConfigurationList = AB5725B42AF7A1460014BF05 /* Build configuration list for PBXNativeTarget "SwiftUI Ejercicios" */;
			buildPhases = (
				AB57258C2AF7A1440014BF05 /* Sources */,
				AB57258D2AF7A1440014BF05 /* Frameworks */,
				AB57258E2AF7A1440014BF05 /* Resources */,
			);
			buildRules = (
			);
			dependencies = (
			);
			name = "SwiftUI Ejercicios";
			productName = "SwiftUI Ejercicios";
			productReference = AB5725902AF7A1440014BF05 /* SwiftUI Ejercicios.app */;
			productType = "com.apple.product-type.application";
		};
		AB57259F2AF7A1460014BF05 /* SwiftUI EjerciciosTests */ = {
			isa = PBXNativeTarget;
			buildConfigurationList = AB5725B72AF7A1460014BF05 /* Build configuration list for PBXNativeTarget "SwiftUI EjerciciosTests" */;
			buildPhases = (
				AB57259C2AF7A1460014BF05 /* Sources */,
				AB57259D2AF7A1460014BF05 /* Frameworks */,
				AB57259E2AF7A1460014BF05 /* Resources */,
			);
			buildRules = (
			);
			dependencies = (
				AB5725A22AF7A1460014BF05 /* PBXTargetDependency */,
			);
			name = "SwiftUI EjerciciosTests";
			productName = "SwiftUI EjerciciosTests";
			productReference = AB5725A02AF7A1460014BF05 /* SwiftUI EjerciciosTests.xctest */;
			productType = "com.apple.product-type.bundle.unit-test";
		};
		AB5725A92AF7A1460014BF05 /* SwiftUI EjerciciosUITests */ = {
			isa = PBXNativeTarget;
			buildConfigurationList = AB5725BA2AF7A1460014BF05 /* Build configuration list for PBXNativeTarget "SwiftUI EjerciciosUITests" */;
			buildPhases = (
				AB5725A62AF7A1460014BF05 /* Sources */,
				AB5725A72AF7A1460014BF05 /* Frameworks */,
				AB5725A82AF7A1460014BF05 /* Resources */,
			);
			buildRules = (
			);
			dependencies = (
				AB5725AC2AF7A1460014BF05 /* PBXTargetDependency */,
			);
			name = "SwiftUI EjerciciosUITests";
			productName = "SwiftUI EjerciciosUITests";
			productReference = AB5725AA2AF7A1460014BF05 /* SwiftUI EjerciciosUITests.xctest */;
			productType = "com.apple.product-type.bundle.ui-testing";
		};
/* End PBXNativeTarget section */

/* Begin PBXProject section */
		AB5725882AF7A1440014BF05 /* Project object */ = {
			isa = PBXProject;
			attributes = {
				BuildIndependentTargetsInParallel = 1;
				LastSwiftUpdateCheck = 1500;
				LastUpgradeCheck = 1500;
				TargetAttributes = {
					AB57258F2AF7A1440014BF05 = {
						CreatedOnToolsVersion = 15.0.1;
					};
					AB57259F2AF7A1460014BF05 = {
						CreatedOnToolsVersion = 15.0.1;
						TestTargetID = AB57258F2AF7A1440014BF05;
					};
					AB5725A92AF7A1460014BF05 = {
						CreatedOnToolsVersion = 15.0.1;
						TestTargetID = AB57258F2AF7A1440014BF05;
					};
				};
			};
			buildConfigurationList = AB57258B2AF7A1440014BF05 /* Build configuration list for PBXProject "SwiftUI Ejercicios" */;
			compatibilityVersion = "Xcode 14.0";
			developmentRegion = en;
			hasScannedForEncodings = 0;
			knownRegions = (
				en,
				Base,
			);
			mainGroup = AB5725872AF7A1440014BF05;
			productRefGroup = AB5725912AF7A1440014BF05 /* Products */;
			projectDirPath = "";
			projectRoot = "";
			targets = (
				AB57258F2AF7A1440014BF05 /* SwiftUI Ejercicios */,
				AB57259F2AF7A1460014BF05 /* SwiftUI EjerciciosTests */,
				AB5725A92AF7A1460014BF05 /* SwiftUI EjerciciosUITests */,
			);
		};
/* End PBXProject section */

/* Begin PBXResourcesBuildPhase section */
		AB57258E2AF7A1440014BF05 /* Resources */ = {
			isa = PBXResourcesBuildPhase;
			buildActionMask = 2147483647;
			files = (
				ABF77B272B0D09C900566A89 /* Media.xcassets in Resources */,
				AB57259B2AF7A1460014BF05 /* Preview Assets.xcassets in Resources */,
			);
			runOnlyForDeploymentPostprocessing = 0;
		};
		AB57259E2AF7A1460014BF05 /* Resources */ = {
			isa = PBXResourcesBuildPhase;
			buildActionMask = 2147483647;
			files = (
			);
			runOnlyForDeploymentPostprocessing = 0;
		};
		AB5725A82AF7A1460014BF05 /* Resources */ = {
			isa = PBXResourcesBuildPhase;
			buildActionMask = 2147483647;
			files = (
			);
			runOnlyForDeploymentPostprocessing = 0;
		};
/* End PBXResourcesBuildPhase section */

/* Begin PBXSourcesBuildPhase section */
		AB57258C2AF7A1440014BF05 /* Sources */ = {
			isa = PBXSourcesBuildPhase;
			buildActionMask = 2147483647;
			files = (
				AB5725962AF7A1440014BF05 /* ContentView.swift in Sources */,
				AB5725C52AF900580014BF05 /* Styles.swift in Sources */,
				AB5725C72AF93A600014BF05 /* Ejercicio2.swift in Sources */,
				ABF77B232B0CE05900566A89 /* wheaderDay.swift in Sources */,
				AB5725942AF7A1440014BF05 /* SwiftUI_EjerciciosApp.swift in Sources */,
				ABF77B1D2B0CCF6600566A89 /* Cover.swift in Sources */,
				AB57AD762B18CF1D00C45A81 /* DiseñoButtonStyle.swift in Sources */,
				ABF77B2F2B0E586100566A89 /* TaskButtonsBar.swift in Sources */,
				AB5725C02AF7A3F70014BF05 /* Ejercicio1.swift in Sources */,
				ABF77B252B0CFDC600566A89 /* wheaderCountry.swift in Sources */,
				ABF77B2D2B0E562400566A89 /* TaskTapBar.swift in Sources */,
				AB5725C32AF8FFFC0014BF05 /* Extensions.swift in Sources */,
				ABF77B332B0E6B1F00566A89 /* ContentVM.swift in Sources */,
				ABF77B312B0E58C500566A89 /* TaskBigButtonsBar.swift in Sources */,
				ABF77B1F2B0CD0B400566A89 /* SoundBar.swift in Sources */,
				AB57AD742B18CA0A00C45A81 /* Ejercicio4.swift in Sources */,
				ABF77B212B0CD0EA00566A89 /* PlayBar.swift in Sources */,
				ABF77B2B2B0E4E7200566A89 /* TaskCell.swift in Sources */,
				ABF77B292B0D0C5200566A89 /* Ejercicio3.swift in Sources */,
			);
			runOnlyForDeploymentPostprocessing = 0;
		};
		AB57259C2AF7A1460014BF05 /* Sources */ = {
			isa = PBXSourcesBuildPhase;
			buildActionMask = 2147483647;
			files = (
				AB5725A52AF7A1460014BF05 /* SwiftUI_EjerciciosTests.swift in Sources */,
			);
			runOnlyForDeploymentPostprocessing = 0;
		};
		AB5725A62AF7A1460014BF05 /* Sources */ = {
			isa = PBXSourcesBuildPhase;
			buildActionMask = 2147483647;
			files = (
				AB5725B12AF7A1460014BF05 /* SwiftUI_EjerciciosUITestsLaunchTests.swift in Sources */,
				AB5725AF2AF7A1460014BF05 /* SwiftUI_EjerciciosUITests.swift in Sources */,
			);
			runOnlyForDeploymentPostprocessing = 0;
		};
/* End PBXSourcesBuildPhase section */

/* Begin PBXTargetDependency section */
		AB5725A22AF7A1460014BF05 /* PBXTargetDependency */ = {
			isa = PBXTargetDependency;
			target = AB57258F2AF7A1440014BF05 /* SwiftUI Ejercicios */;
			targetProxy = AB5725A12AF7A1460014BF05 /* PBXContainerItemProxy */;
		};
		AB5725AC2AF7A1460014BF05 /* PBXTargetDependency */ = {
			isa = PBXTargetDependency;
			target = AB57258F2AF7A1440014BF05 /* SwiftUI Ejercicios */;
			targetProxy = AB5725AB2AF7A1460014BF05 /* PBXContainerItemProxy */;
		};
/* End PBXTargetDependency section */

/* Begin XCBuildConfiguration section */
		AB5725B22AF7A1460014BF05 /* Debug */ = {
			isa = XCBuildConfiguration;
			buildSettings = {
				ALWAYS_SEARCH_USER_PATHS = NO;
				ASSETCATALOG_COMPILER_GENERATE_SWIFT_ASSET_SYMBOL_EXTENSIONS = YES;
				CLANG_ANALYZER_NONNULL = YES;
				CLANG_ANALYZER_NUMBER_OBJECT_CONVERSION = YES_AGGRESSIVE;
				CLANG_CXX_LANGUAGE_STANDARD = "gnu++20";
				CLANG_ENABLE_MODULES = YES;
				CLANG_ENABLE_OBJC_ARC = YES;
				CLANG_ENABLE_OBJC_WEAK = YES;
				CLANG_WARN_BLOCK_CAPTURE_AUTORELEASING = YES;
				CLANG_WARN_BOOL_CONVERSION = YES;
				CLANG_WARN_COMMA = YES;
				CLANG_WARN_CONSTANT_CONVERSION = YES;
				CLANG_WARN_DEPRECATED_OBJC_IMPLEMENTATIONS = YES;
				CLANG_WARN_DIRECT_OBJC_ISA_USAGE = YES_ERROR;
				CLANG_WARN_DOCUMENTATION_COMMENTS = YES;
				CLANG_WARN_EMPTY_BODY = YES;
				CLANG_WARN_ENUM_CONVERSION = YES;
				CLANG_WARN_INFINITE_RECURSION = YES;
				CLANG_WARN_INT_CONVERSION = YES;
				CLANG_WARN_NON_LITERAL_NULL_CONVERSION = YES;
				CLANG_WARN_OBJC_IMPLICIT_RETAIN_SELF = YES;
				CLANG_WARN_OBJC_LITERAL_CONVERSION = YES;
				CLANG_WARN_OBJC_ROOT_CLASS = YES_ERROR;
				CLANG_WARN_QUOTED_INCLUDE_IN_FRAMEWORK_HEADER = YES;
				CLANG_WARN_RANGE_LOOP_ANALYSIS = YES;
				CLANG_WARN_STRICT_PROTOTYPES = YES;
				CLANG_WARN_SUSPICIOUS_MOVE = YES;
				CLANG_WARN_UNGUARDED_AVAILABILITY = YES_AGGRESSIVE;
				CLANG_WARN_UNREACHABLE_CODE = YES;
				CLANG_WARN__DUPLICATE_METHOD_MATCH = YES;
				COPY_PHASE_STRIP = NO;
				DEBUG_INFORMATION_FORMAT = dwarf;
				ENABLE_STRICT_OBJC_MSGSEND = YES;
				ENABLE_TESTABILITY = YES;
				ENABLE_USER_SCRIPT_SANDBOXING = YES;
				GCC_C_LANGUAGE_STANDARD = gnu17;
				GCC_DYNAMIC_NO_PIC = NO;
				GCC_NO_COMMON_BLOCKS = YES;
				GCC_OPTIMIZATION_LEVEL = 0;
				GCC_PREPROCESSOR_DEFINITIONS = (
					"DEBUG=1",
					"$(inherited)",
				);
				GCC_WARN_64_TO_32_BIT_CONVERSION = YES;
				GCC_WARN_ABOUT_RETURN_TYPE = YES_ERROR;
				GCC_WARN_UNDECLARED_SELECTOR = YES;
				GCC_WARN_UNINITIALIZED_AUTOS = YES_AGGRESSIVE;
				GCC_WARN_UNUSED_FUNCTION = YES;
				GCC_WARN_UNUSED_VARIABLE = YES;
				IPHONEOS_DEPLOYMENT_TARGET = 17.0;
				LOCALIZATION_PREFERS_STRING_CATALOGS = YES;
				MTL_ENABLE_DEBUG_INFO = INCLUDE_SOURCE;
				MTL_FAST_MATH = YES;
				ONLY_ACTIVE_ARCH = YES;
				SDKROOT = iphoneos;
				SWIFT_ACTIVE_COMPILATION_CONDITIONS = "DEBUG $(inherited)";
				SWIFT_OPTIMIZATION_LEVEL = "-Onone";
			};
			name = Debug;
		};
		AB5725B32AF7A1460014BF05 /* Release */ = {
			isa = XCBuildConfiguration;
			buildSettings = {
				ALWAYS_SEARCH_USER_PATHS = NO;
				ASSETCATALOG_COMPILER_GENERATE_SWIFT_ASSET_SYMBOL_EXTENSIONS = YES;
				CLANG_ANALYZER_NONNULL = YES;
				CLANG_ANALYZER_NUMBER_OBJECT_CONVERSION = YES_AGGRESSIVE;
				CLANG_CXX_LANGUAGE_STANDARD = "gnu++20";
				CLANG_ENABLE_MODULES = YES;
				CLANG_ENABLE_OBJC_ARC = YES;
				CLANG_ENABLE_OBJC_WEAK = YES;
				CLANG_WARN_BLOCK_CAPTURE_AUTORELEASING = YES;
				CLANG_WARN_BOOL_CONVERSION = YES;
				CLANG_WARN_COMMA = YES;
				CLANG_WARN_CONSTANT_CONVERSION = YES;
				CLANG_WARN_DEPRECATED_OBJC_IMPLEMENTATIONS = YES;
				CLANG_WARN_DIRECT_OBJC_ISA_USAGE = YES_ERROR;
				CLANG_WARN_DOCUMENTATION_COMMENTS = YES;
				CLANG_WARN_EMPTY_BODY = YES;
				CLANG_WARN_ENUM_CONVERSION = YES;
				CLANG_WARN_INFINITE_RECURSION = YES;
				CLANG_WARN_INT_CONVERSION = YES;
				CLANG_WARN_NON_LITERAL_NULL_CONVERSION = YES;
				CLANG_WARN_OBJC_IMPLICIT_RETAIN_SELF = YES;
				CLANG_WARN_OBJC_LITERAL_CONVERSION = YES;
				CLANG_WARN_OBJC_ROOT_CLASS = YES_ERROR;
				CLANG_WARN_QUOTED_INCLUDE_IN_FRAMEWORK_HEADER = YES;
				CLANG_WARN_RANGE_LOOP_ANALYSIS = YES;
				CLANG_WARN_STRICT_PROTOTYPES = YES;
				CLANG_WARN_SUSPICIOUS_MOVE = YES;
				CLANG_WARN_UNGUARDED_AVAILABILITY = YES_AGGRESSIVE;
				CLANG_WARN_UNREACHABLE_CODE = YES;
				CLANG_WARN__DUPLICATE_METHOD_MATCH = YES;
				COPY_PHASE_STRIP = NO;
				DEBUG_INFORMATION_FORMAT = "dwarf-with-dsym";
				ENABLE_NS_ASSERTIONS = NO;
				ENABLE_STRICT_OBJC_MSGSEND = YES;
				ENABLE_USER_SCRIPT_SANDBOXING = YES;
				GCC_C_LANGUAGE_STANDARD = gnu17;
				GCC_NO_COMMON_BLOCKS = YES;
				GCC_WARN_64_TO_32_BIT_CONVERSION = YES;
				GCC_WARN_ABOUT_RETURN_TYPE = YES_ERROR;
				GCC_WARN_UNDECLARED_SELECTOR = YES;
				GCC_WARN_UNINITIALIZED_AUTOS = YES_AGGRESSIVE;
				GCC_WARN_UNUSED_FUNCTION = YES;
				GCC_WARN_UNUSED_VARIABLE = YES;
				IPHONEOS_DEPLOYMENT_TARGET = 17.0;
				LOCALIZATION_PREFERS_STRING_CATALOGS = YES;
				MTL_ENABLE_DEBUG_INFO = NO;
				MTL_FAST_MATH = YES;
				SDKROOT = iphoneos;
				SWIFT_COMPILATION_MODE = wholemodule;
				VALIDATE_PRODUCT = YES;
			};
			name = Release;
		};
		AB5725B52AF7A1460014BF05 /* Debug */ = {
			isa = XCBuildConfiguration;
			buildSettings = {
				ASSETCATALOG_COMPILER_APPICON_NAME = AppIcon;
				ASSETCATALOG_COMPILER_GLOBAL_ACCENT_COLOR_NAME = AccentColor;
				CODE_SIGN_STYLE = Automatic;
				CURRENT_PROJECT_VERSION = 1;
				DEVELOPMENT_ASSET_PATHS = "\"SwiftUI Ejercicios/Preview Content\"";
				DEVELOPMENT_TEAM = Y2U8HYGJ98;
				ENABLE_PREVIEWS = YES;
				GENERATE_INFOPLIST_FILE = YES;
				INFOPLIST_KEY_UIApplicationSceneManifest_Generation = YES;
				INFOPLIST_KEY_UIApplicationSupportsIndirectInputEvents = YES;
				INFOPLIST_KEY_UILaunchScreen_Generation = YES;
				INFOPLIST_KEY_UISupportedInterfaceOrientations_iPad = "UIInterfaceOrientationPortrait UIInterfaceOrientationPortraitUpsideDown UIInterfaceOrientationLandscapeLeft UIInterfaceOrientationLandscapeRight";
				INFOPLIST_KEY_UISupportedInterfaceOrientations_iPhone = "UIInterfaceOrientationPortrait UIInterfaceOrientationLandscapeLeft UIInterfaceOrientationLandscapeRight";
				LD_RUNPATH_SEARCH_PATHS = (
					"$(inherited)",
					"@executable_path/Frameworks",
				);
				MARKETING_VERSION = 1.0;
				PRODUCT_BUNDLE_IDENTIFIER = "jordisabria.SwiftUI-Ejercicios";
				PRODUCT_NAME = "$(TARGET_NAME)";
				SWIFT_EMIT_LOC_STRINGS = YES;
				SWIFT_VERSION = 5.0;
				TARGETED_DEVICE_FAMILY = "1,2";
			};
			name = Debug;
		};
		AB5725B62AF7A1460014BF05 /* Release */ = {
			isa = XCBuildConfiguration;
			buildSettings = {
				ASSETCATALOG_COMPILER_APPICON_NAME = AppIcon;
				ASSETCATALOG_COMPILER_GLOBAL_ACCENT_COLOR_NAME = AccentColor;
				CODE_SIGN_STYLE = Automatic;
				CURRENT_PROJECT_VERSION = 1;
				DEVELOPMENT_ASSET_PATHS = "\"SwiftUI Ejercicios/Preview Content\"";
				DEVELOPMENT_TEAM = Y2U8HYGJ98;
				ENABLE_PREVIEWS = YES;
				GENERATE_INFOPLIST_FILE = YES;
				INFOPLIST_KEY_UIApplicationSceneManifest_Generation = YES;
				INFOPLIST_KEY_UIApplicationSupportsIndirectInputEvents = YES;
				INFOPLIST_KEY_UILaunchScreen_Generation = YES;
				INFOPLIST_KEY_UISupportedInterfaceOrientations_iPad = "UIInterfaceOrientationPortrait UIInterfaceOrientationPortraitUpsideDown UIInterfaceOrientationLandscapeLeft UIInterfaceOrientationLandscapeRight";
				INFOPLIST_KEY_UISupportedInterfaceOrientations_iPhone = "UIInterfaceOrientationPortrait UIInterfaceOrientationLandscapeLeft UIInterfaceOrientationLandscapeRight";
				LD_RUNPATH_SEARCH_PATHS = (
					"$(inherited)",
					"@executable_path/Frameworks",
				);
				MARKETING_VERSION = 1.0;
				PRODUCT_BUNDLE_IDENTIFIER = "jordisabria.SwiftUI-Ejercicios";
				PRODUCT_NAME = "$(TARGET_NAME)";
				SWIFT_EMIT_LOC_STRINGS = YES;
				SWIFT_VERSION = 5.0;
				TARGETED_DEVICE_FAMILY = "1,2";
			};
			name = Release;
		};
		AB5725B82AF7A1460014BF05 /* Debug */ = {
			isa = XCBuildConfiguration;
			buildSettings = {
				ALWAYS_EMBED_SWIFT_STANDARD_LIBRARIES = YES;
				BUNDLE_LOADER = "$(TEST_HOST)";
				CODE_SIGN_STYLE = Automatic;
				CURRENT_PROJECT_VERSION = 1;
				DEVELOPMENT_TEAM = Y2U8HYGJ98;
				GENERATE_INFOPLIST_FILE = YES;
				IPHONEOS_DEPLOYMENT_TARGET = 17.0;
				MARKETING_VERSION = 1.0;
				PRODUCT_BUNDLE_IDENTIFIER = "jordisabria.SwiftUI-EjerciciosTests";
				PRODUCT_NAME = "$(TARGET_NAME)";
				SWIFT_EMIT_LOC_STRINGS = NO;
				SWIFT_VERSION = 5.0;
				TARGETED_DEVICE_FAMILY = "1,2";
				TEST_HOST = "$(BUILT_PRODUCTS_DIR)/SwiftUI Ejercicios.app/$(BUNDLE_EXECUTABLE_FOLDER_PATH)/SwiftUI Ejercicios";
			};
			name = Debug;
		};
		AB5725B92AF7A1460014BF05 /* Release */ = {
			isa = XCBuildConfiguration;
			buildSettings = {
				ALWAYS_EMBED_SWIFT_STANDARD_LIBRARIES = YES;
				BUNDLE_LOADER = "$(TEST_HOST)";
				CODE_SIGN_STYLE = Automatic;
				CURRENT_PROJECT_VERSION = 1;
				DEVELOPMENT_TEAM = Y2U8HYGJ98;
				GENERATE_INFOPLIST_FILE = YES;
				IPHONEOS_DEPLOYMENT_TARGET = 17.0;
				MARKETING_VERSION = 1.0;
				PRODUCT_BUNDLE_IDENTIFIER = "jordisabria.SwiftUI-EjerciciosTests";
				PRODUCT_NAME = "$(TARGET_NAME)";
				SWIFT_EMIT_LOC_STRINGS = NO;
				SWIFT_VERSION = 5.0;
				TARGETED_DEVICE_FAMILY = "1,2";
				TEST_HOST = "$(BUILT_PRODUCTS_DIR)/SwiftUI Ejercicios.app/$(BUNDLE_EXECUTABLE_FOLDER_PATH)/SwiftUI Ejercicios";
			};
			name = Release;
		};
		AB5725BB2AF7A1460014BF05 /* Debug */ = {
			isa = XCBuildConfiguration;
			buildSettings = {
				ALWAYS_EMBED_SWIFT_STANDARD_LIBRARIES = YES;
				CODE_SIGN_STYLE = Automatic;
				CURRENT_PROJECT_VERSION = 1;
				DEVELOPMENT_TEAM = Y2U8HYGJ98;
				GENERATE_INFOPLIST_FILE = YES;
				MARKETING_VERSION = 1.0;
				PRODUCT_BUNDLE_IDENTIFIER = "jordisabria.SwiftUI-EjerciciosUITests";
				PRODUCT_NAME = "$(TARGET_NAME)";
				SWIFT_EMIT_LOC_STRINGS = NO;
				SWIFT_VERSION = 5.0;
				TARGETED_DEVICE_FAMILY = "1,2";
				TEST_TARGET_NAME = "SwiftUI Ejercicios";
			};
			name = Debug;
		};
		AB5725BC2AF7A1460014BF05 /* Release */ = {
			isa = XCBuildConfiguration;
			buildSettings = {
				ALWAYS_EMBED_SWIFT_STANDARD_LIBRARIES = YES;
				CODE_SIGN_STYLE = Automatic;
				CURRENT_PROJECT_VERSION = 1;
				DEVELOPMENT_TEAM = Y2U8HYGJ98;
				GENERATE_INFOPLIST_FILE = YES;
				MARKETING_VERSION = 1.0;
				PRODUCT_BUNDLE_IDENTIFIER = "jordisabria.SwiftUI-EjerciciosUITests";
				PRODUCT_NAME = "$(TARGET_NAME)";
				SWIFT_EMIT_LOC_STRINGS = NO;
				SWIFT_VERSION = 5.0;
				TARGETED_DEVICE_FAMILY = "1,2";
				TEST_TARGET_NAME = "SwiftUI Ejercicios";
			};
			name = Release;
		};
/* End XCBuildConfiguration section */

/* Begin XCConfigurationList section */
		AB57258B2AF7A1440014BF05 /* Build configuration list for PBXProject "SwiftUI Ejercicios" */ = {
			isa = XCConfigurationList;
			buildConfigurations = (
				AB5725B22AF7A1460014BF05 /* Debug */,
				AB5725B32AF7A1460014BF05 /* Release */,
			);
			defaultConfigurationIsVisible = 0;
			defaultConfigurationName = Release;
		};
		AB5725B42AF7A1460014BF05 /* Build configuration list for PBXNativeTarget "SwiftUI Ejercicios" */ = {
			isa = XCConfigurationList;
			buildConfigurations = (
				AB5725B52AF7A1460014BF05 /* Debug */,
				AB5725B62AF7A1460014BF05 /* Release */,
			);
			defaultConfigurationIsVisible = 0;
			defaultConfigurationName = Release;
		};
		AB5725B72AF7A1460014BF05 /* Build configuration list for PBXNativeTarget "SwiftUI EjerciciosTests" */ = {
			isa = XCConfigurationList;
			buildConfigurations = (
				AB5725B82AF7A1460014BF05 /* Debug */,
				AB5725B92AF7A1460014BF05 /* Release */,
			);
			defaultConfigurationIsVisible = 0;
			defaultConfigurationName = Release;
		};
		AB5725BA2AF7A1460014BF05 /* Build configuration list for PBXNativeTarget "SwiftUI EjerciciosUITests" */ = {
			isa = XCConfigurationList;
			buildConfigurations = (
				AB5725BB2AF7A1460014BF05 /* Debug */,
				AB5725BC2AF7A1460014BF05 /* Release */,
			);
			defaultConfigurationIsVisible = 0;
			defaultConfigurationName = Release;
		};
/* End XCConfigurationList section */
	};
	rootObject = AB5725882AF7A1440014BF05 /* Project object */;
}
